
Microsoft Visual Studio Solution File, Format Version 12.00
# Visual Studio 15
VisualStudioVersion = 15.0.27428.2027
MinimumVisualStudioVersion = 10.0.40219.1
Project("{FAE04EC0-301F-11D3-BF4B-00C04F79EFBC}") = "Prob2_Even_Fibonacci_numbers", "Prob2_Even_Fibonacci_numbers\Prob2_Even_Fibonacci_numbers.csproj", "{F4A28B33-295C-4ED4-917F-F9CF72126515}"
EndProject
Global
	GlobalSection(SolutionConfigurationPlatforms) = preSolution
		Debug|Any CPU = Debug|Any CPU
		Release|Any CPU = Release|Any CPU
	EndGlobalSection
	GlobalSection(ProjectConfigurationPlatforms) = postSolution
		{F4A28B33-295C-4ED4-917F-F9CF72126515}.Debug|Any CPU.ActiveCfg = Debug|Any CPU
		{F4A28B33-295C-4ED4-917F-F9CF72126515}.Debug|Any CPU.Build.0 = Debug|Any CPU
		{F4A28B33-295C-4ED4-917F-F9CF72126515}.Release|Any CPU.ActiveCfg = Release|Any CPU
		{F4A28B33-295C-4ED4-917F-F9CF72126515}.Release|Any CPU.Build.0 = Release|Any CPU
	EndGlobalSection
	GlobalSection(SolutionProperties) = preSolution
		HideSolutionNode = FALSE
	EndGlobalSection
	GlobalSection(ExtensibilityGlobals) = postSolution
		SolutionGuid = {61957508-BBB1-4053-8ED1-01C320336F88}
	EndGlobalSection
EndGlobal
